
Microsoft Visual Studio Solution File, Format Version 12.00
# Visual Studio Version 16
VisualStudioVersion = 16.0.30225.117
MinimumVisualStudioVersion = 10.0.40219.1
Project("{9092AA53-FB77-4645-B42D-1CCCA6BD08BD}") = "iodynamic_site", "iodynamic_site.njsproj", "{73E41369-53AC-4286-A73F-1566333EF54B}"
EndProject
Global
	GlobalSection(SolutionConfigurationPlatforms) = preSolution
		Debug|Any CPU = Debug|Any CPU
		Release|Any CPU = Release|Any CPU
	EndGlobalSection
	GlobalSection(ProjectConfigurationPlatforms) = postSolution
		{73E41369-53AC-4286-A73F-1566333EF54B}.Debug|Any CPU.ActiveCfg = Debug|Any CPU
		{73E41369-53AC-4286-A73F-1566333EF54B}.Debug|Any CPU.Build.0 = Debug|Any CPU
		{73E41369-53AC-4286-A73F-1566333EF54B}.Release|Any CPU.ActiveCfg = Release|Any CPU
		{73E41369-53AC-4286-A73F-1566333EF54B}.Release|Any CPU.Build.0 = Release|Any CPU
	EndGlobalSection
	GlobalSection(SolutionProperties) = preSolution
		HideSolutionNode = FALSE
	EndGlobalSection
	GlobalSection(ExtensibilityGlobals) = postSolution
		SolutionGuid = {C1EF7880-6D9B-4AA0-9FB0-5AAE0616FFFC}
	EndGlobalSection
EndGlobal
